
Microsoft Visual Studio Solution File, Format Version 12.00
# Visual Studio Version 16
VisualStudioVersion = 16.0.29306.81
MinimumVisualStudioVersion = 10.0.40219.1
Project("{FAE04EC0-301F-11D3-BF4B-00C04F79EFBC}") = "QuickRefresh", "QuickRefresh\QuickRefresh.csproj", "{17797846-2BC6-45D7-B6F4-01E32100468E}"
EndProject
Global
	GlobalSection(SolutionConfigurationPlatforms) = preSolution
		Debug|Any CPU = Debug|Any CPU
		Release|Any CPU = Release|Any CPU
	EndGlobalSection
	GlobalSection(ProjectConfigurationPlatforms) = postSolution
		{17797846-2BC6-45D7-B6F4-01E32100468E}.Debug|Any CPU.ActiveCfg = Debug|Any CPU
		{17797846-2BC6-45D7-B6F4-01E32100468E}.Debug|Any CPU.Build.0 = Debug|Any CPU
		{17797846-2BC6-45D7-B6F4-01E32100468E}.Release|Any CPU.ActiveCfg = Release|Any CPU
		{17797846-2BC6-45D7-B6F4-01E32100468E}.Release|Any CPU.Build.0 = Release|Any CPU
	EndGlobalSection
	GlobalSection(SolutionProperties) = preSolution
		HideSolutionNode = FALSE
	EndGlobalSection
	GlobalSection(ExtensibilityGlobals) = postSolution
		SolutionGuid = {CD803820-851F-4895-9DC4-AEB861A57B4F}
	EndGlobalSection
EndGlobal
